
Microsoft Visual Studio Solution File, Format Version 12.00
# Visual Studio Version 16
VisualStudioVersion = 16.0.31205.134
MinimumVisualStudioVersion = 10.0.40219.1
Project("{FAE04EC0-301F-11D3-BF4B-00C04F79EFBC}") = "Trendyol_Api", "Trendyol_Api\Trendyol_Api.csproj", "{766FBAF9-B87E-408E-BE2B-731B7C7E1256}"
EndProject
Global
	GlobalSection(SolutionConfigurationPlatforms) = preSolution
		Debug|Any CPU = Debug|Any CPU
		Release|Any CPU = Release|Any CPU
	EndGlobalSection
	GlobalSection(ProjectConfigurationPlatforms) = postSolution
		{766FBAF9-B87E-408E-BE2B-731B7C7E1256}.Debug|Any CPU.ActiveCfg = Debug|Any CPU
		{766FBAF9-B87E-408E-BE2B-731B7C7E1256}.Debug|Any CPU.Build.0 = Debug|Any CPU
		{766FBAF9-B87E-408E-BE2B-731B7C7E1256}.Release|Any CPU.ActiveCfg = Release|Any CPU
		{766FBAF9-B87E-408E-BE2B-731B7C7E1256}.Release|Any CPU.Build.0 = Release|Any CPU
	EndGlobalSection
	GlobalSection(SolutionProperties) = preSolution
		HideSolutionNode = FALSE
	EndGlobalSection
	GlobalSection(ExtensibilityGlobals) = postSolution
		SolutionGuid = {6A49618A-8DC1-4597-A039-46694BC28CC9}
	EndGlobalSection
EndGlobal
